
Microsoft Visual Studio Solution File, Format Version 12.00
# Visual Studio Version 16
VisualStudioVersion = 16.0.31702.278
MinimumVisualStudioVersion = 10.0.40219.1
Project("{FAE04EC0-301F-11D3-BF4B-00C04F79EFBC}") = "my2048_2D", "my2048_2D\my2048_2D.csproj", "{60E3C281-823B-4B77-8C85-4F185DD13742}"
EndProject
Global
	GlobalSection(SolutionConfigurationPlatforms) = preSolution
		Debug|Any CPU = Debug|Any CPU
		Release|Any CPU = Release|Any CPU
	EndGlobalSection
	GlobalSection(ProjectConfigurationPlatforms) = postSolution
		{60E3C281-823B-4B77-8C85-4F185DD13742}.Debug|Any CPU.ActiveCfg = Debug|Any CPU
		{60E3C281-823B-4B77-8C85-4F185DD13742}.Debug|Any CPU.Build.0 = Debug|Any CPU
		{60E3C281-823B-4B77-8C85-4F185DD13742}.Release|Any CPU.ActiveCfg = Release|Any CPU
		{60E3C281-823B-4B77-8C85-4F185DD13742}.Release|Any CPU.Build.0 = Release|Any CPU
	EndGlobalSection
	GlobalSection(SolutionProperties) = preSolution
		HideSolutionNode = FALSE
	EndGlobalSection
	GlobalSection(ExtensibilityGlobals) = postSolution
		SolutionGuid = {AFD3EF35-E1FD-4618-9BFD-94F295C62785}
	EndGlobalSection
EndGlobal
